
Microsoft Visual Studio Solution File, Format Version 12.00
# Visual Studio Version 17
VisualStudioVersion = 17.6.33815.320
MinimumVisualStudioVersion = 10.0.40219.1
Project("{FAE04EC0-301F-11D3-BF4B-00C04F79EFBC}") = "CleanArchitectureTmp.ConsoleApp", "CleanArchitectureTmp.ConsoleApp\CleanArchitectureTmp.ConsoleApp.csproj", "{777D662B-BABD-49AA-B29B-BF60D47A7CA0}"
EndProject
Project("{FAE04EC0-301F-11D3-BF4B-00C04F79EFBC}") = "CleanArchitectureTmp.Data", "CleanArchitectureTmp.Data\CleanArchitectureTmp.Data.csproj", "{12386900-11B6-411F-A807-A2C6A91A8E5D}"
EndProject
Project("{FAE04EC0-301F-11D3-BF4B-00C04F79EFBC}") = "CleanArchitectureTmp.Domain", "CleanArchitectureTmp.Domain\CleanArchitectureTmp.Domain.csproj", "{BC161EFB-FB22-412D-B247-CEA94A2B0CFA}"
EndProject
Global
	GlobalSection(SolutionConfigurationPlatforms) = preSolution
		Debug|Any CPU = Debug|Any CPU
		Release|Any CPU = Release|Any CPU
	EndGlobalSection
	GlobalSection(ProjectConfigurationPlatforms) = postSolution
		{777D662B-BABD-49AA-B29B-BF60D47A7CA0}.Debug|Any CPU.ActiveCfg = Debug|Any CPU
		{777D662B-BABD-49AA-B29B-BF60D47A7CA0}.Debug|Any CPU.Build.0 = Debug|Any CPU
		{777D662B-BABD-49AA-B29B-BF60D47A7CA0}.Release|Any CPU.ActiveCfg = Release|Any CPU
		{777D662B-BABD-49AA-B29B-BF60D47A7CA0}.Release|Any CPU.Build.0 = Release|Any CPU
		{12386900-11B6-411F-A807-A2C6A91A8E5D}.Debug|Any CPU.ActiveCfg = Debug|Any CPU
		{12386900-11B6-411F-A807-A2C6A91A8E5D}.Debug|Any CPU.Build.0 = Debug|Any CPU
		{12386900-11B6-411F-A807-A2C6A91A8E5D}.Release|Any CPU.ActiveCfg = Release|Any CPU
		{12386900-11B6-411F-A807-A2C6A91A8E5D}.Release|Any CPU.Build.0 = Release|Any CPU
		{BC161EFB-FB22-412D-B247-CEA94A2B0CFA}.Debug|Any CPU.ActiveCfg = Debug|Any CPU
		{BC161EFB-FB22-412D-B247-CEA94A2B0CFA}.Debug|Any CPU.Build.0 = Debug|Any CPU
		{BC161EFB-FB22-412D-B247-CEA94A2B0CFA}.Release|Any CPU.ActiveCfg = Release|Any CPU
		{BC161EFB-FB22-412D-B247-CEA94A2B0CFA}.Release|Any CPU.Build.0 = Release|Any CPU
	EndGlobalSection
	GlobalSection(SolutionProperties) = preSolution
		HideSolutionNode = FALSE
	EndGlobalSection
	GlobalSection(ExtensibilityGlobals) = postSolution
		SolutionGuid = {312FECF5-64F4-4472-B2D9-2977580CCD9C}
	EndGlobalSection
EndGlobal
